
Microsoft Visual Studio Solution File, Format Version 12.00
# Visual Studio Version 16
VisualStudioVersion = 16.0.30907.101
MinimumVisualStudioVersion = 10.0.40219.1
Project("{FAE04EC0-301F-11D3-BF4B-00C04F79EFBC}") = "ProjectCalculator", "ProjectCalculator\ProjectCalculator.csproj", "{999F2893-3000-44C9-99A0-7F95B321C191}"
EndProject
Global
	GlobalSection(SolutionConfigurationPlatforms) = preSolution
		Debug|Any CPU = Debug|Any CPU
		Release|Any CPU = Release|Any CPU
	EndGlobalSection
	GlobalSection(ProjectConfigurationPlatforms) = postSolution
		{999F2893-3000-44C9-99A0-7F95B321C191}.Debug|Any CPU.ActiveCfg = Debug|Any CPU
		{999F2893-3000-44C9-99A0-7F95B321C191}.Debug|Any CPU.Build.0 = Debug|Any CPU
		{999F2893-3000-44C9-99A0-7F95B321C191}.Release|Any CPU.ActiveCfg = Release|Any CPU
		{999F2893-3000-44C9-99A0-7F95B321C191}.Release|Any CPU.Build.0 = Release|Any CPU
	EndGlobalSection
	GlobalSection(SolutionProperties) = preSolution
		HideSolutionNode = FALSE
	EndGlobalSection
	GlobalSection(ExtensibilityGlobals) = postSolution
		SolutionGuid = {E737444E-D3E2-44CE-8316-75C1DCA42E3B}
	EndGlobalSection
EndGlobal
